// !$*UTF8*$!
{
	archiveVersion = 1;
	classes = {
	};
	objectVersion = 77;
	objects = {

/* Begin PBXContainerItemProxy section */
		F2ECC5652D6561A400605BE5 /* PBXContainerItemProxy */ = {
			isa = PBXContainerItemProxy;
			containerPortal = F2ECC5482D6561A300605BE5 /* Project object */;
			proxyType = 1;
			remoteGlobalIDString = F2ECC54F2D6561A300605BE5;
			remoteInfo = HappyButton;
		};
		F2ECC56F2D6561A400605BE5 /* PBXContainerItemProxy */ = {
			isa = PBXContainerItemProxy;
			containerPortal = F2ECC5482D6561A300605BE5 /* Project object */;
			proxyType = 1;
			remoteGlobalIDString = F2ECC54F2D6561A300605BE5;
			remoteInfo = HappyButton;
		};
/* End PBXContainerItemProxy section */

/* Begin PBXFileReference section */
		F2ECC5502D6561A300605BE5 /* HappyButton.app */ = {isa = PBXFileReference; explicitFileType = wrapper.application; includeInIndex = 0; path = HappyButton.app; sourceTree = BUILT_PRODUCTS_DIR; };
		F2ECC5642D6561A400605BE5 /* HappyButtonTests.xctest */ = {isa = PBXFileReference; explicitFileType = wrapper.cfbundle; includeInIndex = 0; path = HappyButtonTests.xctest; sourceTree = BUILT_PRODUCTS_DIR; };
		F2ECC56E2D6561A400605BE5 /* HappyButtonUITests.xctest */ = {isa = PBXFileReference; explicitFileType = wrapper.cfbundle; includeInIndex = 0; path = HappyButtonUITests.xctest; sourceTree = BUILT_PRODUCTS_DIR; };
/* End PBXFileReference section */

/* Begin PBXFileSystemSynchronizedBuildFileExceptionSet section */
		F2ECC5762D6561A400605BE5 /* Exceptions for "HappyButton" folder in "HappyButton" target */ = {
			isa = PBXFileSystemSynchronizedBuildFileExceptionSet;
			membershipExceptions = (
				Info.plist,
			);
			target = F2ECC54F2D6561A300605BE5 /* HappyButton */;
		};
/* End PBXFileSystemSynchronizedBuildFileExceptionSet section */

/* Begin PBXFileSystemSynchronizedRootGroup section */
		F2ECC5522D6561A300605BE5 /* HappyButton */ = {
			isa = PBXFileSystemSynchronizedRootGroup;
			exceptions = (
				F2ECC5762D6561A400605BE5 /* Exceptions for "HappyButton" folder in "HappyButton" target */,
			);
			path = HappyButton;
			sourceTree = "<group>";
		};
		F2ECC5672D6561A400605BE5 /* HappyButtonTests */ = {
			isa = PBXFileSystemSynchronizedRootGroup;
			path = HappyButtonTests;
			sourceTree = "<group>";
		};
		F2ECC5712D6561A400605BE5 /* HappyButtonUITests */ = {
			isa = PBXFileSystemSynchronizedRootGroup;
			path = HappyButtonUITests;
			sourceTree = "<group>";
		};
/* End PBXFileSystemSynchronizedRootGroup section */

/* Begin PBXFrameworksBuildPhase section */
		F2ECC54D2D6561A300605BE5 /* Frameworks */ = {
			isa = PBXFrameworksBuildPhase;
			buildActionMask = 2147483647;
			files = (
			);
			runOnlyForDeploymentPostprocessing = 0;
		};
		F2ECC5612D6561A400605BE5 /* Frameworks */ = {
			isa = PBXFrameworksBuildPhase;
			buildActionMask = 2147483647;
			files = (
			);
			runOnlyForDeploymentPostprocessing = 0;
		};
		F2ECC56B2D6561A400605BE5 /* Frameworks */ = {
			isa = PBXFrameworksBuildPhase;
			buildActionMask = 2147483647;
			files = (
			);
			runOnlyForDeploymentPostprocessing = 0;
		};
/* End PBXFrameworksBuildPhase section */

/* Begin PBXGroup section */
		F2ECC5472D6561A300605BE5 = {
			isa = PBXGroup;
			children = (
				F2ECC5522D6561A300605BE5 /* HappyButton */,
				F2ECC5672D6561A400605BE5 /* HappyButtonTests */,
				F2ECC5712D6561A400605BE5 /* HappyButtonUITests */,
				F2ECC5512D6561A300605BE5 /* Products */,
			);
			sourceTree = "<group>";
		};
		F2ECC5512D6561A300605BE5 /* Products */ = {
			isa = PBXGroup;
			children = (
				F2ECC5502D6561A300605BE5 /* HappyButton.app */,
				F2ECC5642D6561A400605BE5 /* HappyButtonTests.xctest */,
				F2ECC56E2D6561A400605BE5 /* HappyButtonUITests.xctest */,
			);
			name = Products;
			sourceTree = "<group>";
		};
/* End PBXGroup section */

/* Begin PBXNativeTarget section */
		F2ECC54F2D6561A300605BE5 /* HappyButton */ = {
			isa = PBXNativeTarget;
			buildConfigurationList = F2ECC5772D6561A400605BE5 /* Build configuration list for PBXNativeTarget "HappyButton" */;
			buildPhases = (
				F2ECC54C2D6561A300605BE5 /* Sources */,
				F2ECC54D2D6561A300605BE5 /* Frameworks */,
				F2ECC54E2D6561A300605BE5 /* Resources */,
			);
			buildRules = (
			);
			dependencies = (
			);
			fileSystemSynchronizedGroups = (
				F2ECC5522D6561A300605BE5 /* HappyButton */,
			);
			name = HappyButton;
			packageProductDependencies = (
			);
			productName = HappyButton;
			productReference = F2ECC5502D6561A300605BE5 /* HappyButton.app */;
			productType = "com.apple.product-type.application";
		};
		F2ECC5632D6561A400605BE5 /* HappyButtonTests */ = {
			isa = PBXNativeTarget;
			buildConfigurationList = F2ECC57C2D6561A400605BE5 /* Build configuration list for PBXNativeTarget "HappyButtonTests" */;
			buildPhases = (
				F2ECC5602D6561A400605BE5 /* Sources */,
				F2ECC5612D6561A400605BE5 /* Frameworks */,
				F2ECC5622D6561A400605BE5 /* Resources */,
			);
			buildRules = (
			);
			dependencies = (
				F2ECC5662D6561A400605BE5 /* PBXTargetDependency */,
			);
			fileSystemSynchronizedGroups = (
				F2ECC5672D6561A400605BE5 /* HappyButtonTests */,
			);
			name = HappyButtonTests;
			packageProductDependencies = (
			);
			productName = HappyButtonTests;
			productReference = F2ECC5642D6561A400605BE5 /* HappyButtonTests.xctest */;
			productType = "com.apple.product-type.bundle.unit-test";
		};
		F2ECC56D2D6561A400605BE5 /* HappyButtonUITests */ = {
			isa = PBXNativeTarget;
			buildConfigurationList = F2ECC57F2D6561A400605BE5 /* Build configuration list for PBXNativeTarget "HappyButtonUITests" */;
			buildPhases = (
				F2ECC56A2D6561A400605BE5 /* Sources */,
				F2ECC56B2D6561A400605BE5 /* Frameworks */,
				F2ECC56C2D6561A400605BE5 /* Resources */,
			);
			buildRules = (
			);
			dependencies = (
				F2ECC5702D6561A400605BE5 /* PBXTargetDependency */,
			);
			fileSystemSynchronizedGroups = (
				F2ECC5712D6561A400605BE5 /* HappyButtonUITests */,
			);
			name = HappyButtonUITests;
			packageProductDependencies = (
			);
			productName = HappyButtonUITests;
			productReference = F2ECC56E2D6561A400605BE5 /* HappyButtonUITests.xctest */;
			productType = "com.apple.product-type.bundle.ui-testing";
		};
/* End PBXNativeTarget section */

/* Begin PBXProject section */
		F2ECC5482D6561A300605BE5 /* Project object */ = {
			isa = PBXProject;
			attributes = {
				BuildIndependentTargetsInParallel = 1;
				LastSwiftUpdateCheck = 1620;
				LastUpgradeCheck = 1620;
				TargetAttributes = {
					F2ECC54F2D6561A300605BE5 = {
						CreatedOnToolsVersion = 16.2;
					};
					F2ECC5632D6561A400605BE5 = {
						CreatedOnToolsVersion = 16.2;
						TestTargetID = F2ECC54F2D6561A300605BE5;
					};
					F2ECC56D2D6561A400605BE5 = {
						CreatedOnToolsVersion = 16.2;
						TestTargetID = F2ECC54F2D6561A300605BE5;
					};
				};
			};
			buildConfigurationList = F2ECC54B2D6561A300605BE5 /* Build configuration list for PBXProject "HappyButton" */;
			developmentRegion = en;
			hasScannedForEncodings = 0;
			knownRegions = (
				en,
				Base,
			);
			mainGroup = F2ECC5472D6561A300605BE5;
			minimizedProjectReferenceProxies = 1;
			preferredProjectObjectVersion = 77;
			productRefGroup = F2ECC5512D6561A300605BE5 /* Products */;
			projectDirPath = "";
			projectRoot = "";
			targets = (
				F2ECC54F2D6561A300605BE5 /* HappyButton */,
				F2ECC5632D6561A400605BE5 /* HappyButtonTests */,
				F2ECC56D2D6561A400605BE5 /* HappyButtonUITests */,
			);
		};
/* End PBXProject section */

/* Begin PBXResourcesBuildPhase section */
		F2ECC54E2D6561A300605BE5 /* Resources */ = {
			isa = PBXResourcesBuildPhase;
			buildActionMask = 2147483647;
			files = (
			);
			runOnlyForDeploymentPostprocessing = 0;
		};
		F2ECC5622D6561A400605BE5 /* Resources */ = {
			isa = PBXResourcesBuildPhase;
			buildActionMask = 2147483647;
			files = (
			);
			runOnlyForDeploymentPostprocessing = 0;
		};
		F2ECC56C2D6561A400605BE5 /* Resources */ = {
			isa = PBXResourcesBuildPhase;
			buildActionMask = 2147483647;
			files = (
			);
			runOnlyForDeploymentPostprocessing = 0;
		};
/* End PBXResourcesBuildPhase section */

/* Begin PBXSourcesBuildPhase section */
		F2ECC54C2D6561A300605BE5 /* Sources */ = {
			isa = PBXSourcesBuildPhase;
			buildActionMask = 2147483647;
			files = (
			);
			runOnlyForDeploymentPostprocessing = 0;
		};
		F2ECC5602D6561A400605BE5 /* Sources */ = {
			isa = PBXSourcesBuildPhase;
			buildActionMask = 2147483647;
			files = (
			);
			runOnlyForDeploymentPostprocessing = 0;
		};
		F2ECC56A2D6561A400605BE5 /* Sources */ = {
			isa = PBXSourcesBuildPhase;
			buildActionMask = 2147483647;
			files = (
			);
			runOnlyForDeploymentPostprocessing = 0;
		};
/* End PBXSourcesBuildPhase section */

/* Begin PBXTargetDependency section */
		F2ECC5662D6561A400605BE5 /* PBXTargetDependency */ = {
			isa = PBXTargetDependency;
			target = F2ECC54F2D6561A300605BE5 /* HappyButton */;
			targetProxy = F2ECC5652D6561A400605BE5 /* PBXContainerItemProxy */;
		};
		F2ECC5702D6561A400605BE5 /* PBXTargetDependency */ = {
			isa = PBXTargetDependency;
			target = F2ECC54F2D6561A300605BE5 /* HappyButton */;
			targetProxy = F2ECC56F2D6561A400605BE5 /* PBXContainerItemProxy */;
		};
/* End PBXTargetDependency section */

/* Begin XCBuildConfiguration section */
		F2ECC5782D6561A400605BE5 /* Debug */ = {
			isa = XCBuildConfiguration;
			buildSettings = {
				ASSETCATALOG_COMPILER_APPICON_NAME = AppIcon;
				ASSETCATALOG_COMPILER_GLOBAL_ACCENT_COLOR_NAME = AccentColor;
				CODE_SIGN_ENTITLEMENTS = HappyButton/HappyButton.entitlements;
				CODE_SIGN_STYLE = Automatic;
				CURRENT_PROJECT_VERSION = 1;
				DEVELOPMENT_ASSET_PATHS = "\"HappyButton/Preview Content\"";
				DEVELOPMENT_TEAM = Z3LBQE3J8T;
				ENABLE_PREVIEWS = YES;
				GENERATE_INFOPLIST_FILE = YES;
				INFOPLIST_FILE = HappyButton/Info.plist;
				INFOPLIST_KEY_UIApplicationSceneManifest_Generation = YES;
				INFOPLIST_KEY_UIApplicationSupportsIndirectInputEvents = YES;
				INFOPLIST_KEY_UILaunchScreen_Generation = YES;
				INFOPLIST_KEY_UISupportedInterfaceOrientations_iPad = "UIInterfaceOrientationPortrait UIInterfaceOrientationPortraitUpsideDown UIInterfaceOrientationLandscapeLeft UIInterfaceOrientationLandscapeRight";
				INFOPLIST_KEY_UISupportedInterfaceOrientations_iPhone = "UIInterfaceOrientationPortrait UIInterfaceOrientationLandscapeLeft UIInterfaceOrientationLandscapeRight";
				LD_RUNPATH_SEARCH_PATHS = (
					"$(inherited)",
					"@executable_path/Frameworks",
				);
				MARKETING_VERSION = 1.0;
				PRODUCT_BUNDLE_IDENTIFIER = com.kridsdale.HappyButton;
				PRODUCT_NAME = "$(TARGET_NAME)";
				SWIFT_EMIT_LOC_STRINGS = YES;
				SWIFT_VERSION = 5.0;
				TARGETED_DEVICE_FAMILY = "1,2";
			};
			name = Debug;
		};
		F2ECC5792D6561A400605BE5 /* Release */ = {
			isa = XCBuildConfiguration;
			buildSettings = {
				ASSETCATALOG_COMPILER_APPICON_NAME = AppIcon;
				ASSETCATALOG_COMPILER_GLOBAL_ACCENT_COLOR_NAME = AccentColor;
				CODE_SIGN_ENTITLEMENTS = HappyButton/HappyButton.entitlements;
				CODE_SIGN_STYLE = Automatic;
				CURRENT_PROJECT_VERSION = 1;
				DEVELOPMENT_ASSET_PATHS = "\"HappyButton/Preview Content\"";
				DEVELOPMENT_TEAM = Z3LBQE3J8T;
				ENABLE_PREVIEWS = YES;
				GENERATE_INFOPLIST_FILE = YES;
				INFOPLIST_FILE = HappyButton/Info.plist;
				INFOPLIST_KEY_UIApplicationSceneManifest_Generation = YES;
				INFOPLIST_KEY_UIApplicationSupportsIndirectInputEvents = YES;
				INFOPLIST_KEY_UILaunchScreen_Generation = YES;
				INFOPLIST_KEY_UISupportedInterfaceOrientations_iPad = "UIInterfaceOrientationPortrait UIInterfaceOrientationPortraitUpsideDown UIInterfaceOrientationLandscapeLeft UIInterfaceOrientationLandscapeRight";
				INFOPLIST_KEY_UISupportedInterfaceOrientations_iPhone = "UIInterfaceOrientationPortrait UIInterfaceOrientationLandscapeLeft UIInterfaceOrientationLandscapeRight";
				LD_RUNPATH_SEARCH_PATHS = (
					"$(inherited)",
					"@executable_path/Frameworks",
				);
				MARKETING_VERSION = 1.0;
				PRODUCT_BUNDLE_IDENTIFIER = com.kridsdale.HappyButton;
				PRODUCT_NAME = "$(TARGET_NAME)";
				SWIFT_EMIT_LOC_STRINGS = YES;
				SWIFT_VERSION = 5.0;
				TARGETED_DEVICE_FAMILY = "1,2";
			};
			name = Release;
		};
		F2ECC57A2D6561A400605BE5 /* Debug */ = {
			isa = XCBuildConfiguration;
			buildSettings = {
				ALWAYS_SEARCH_USER_PATHS = NO;
				ASSETCATALOG_COMPILER_GENERATE_SWIFT_ASSET_SYMBOL_EXTENSIONS = YES;
				CLANG_ANALYZER_NONNULL = YES;
				CLANG_ANALYZER_NUMBER_OBJECT_CONVERSION = YES_AGGRESSIVE;
				CLANG_CXX_LANGUAGE_STANDARD = "gnu++20";
				CLANG_ENABLE_MODULES = YES;
				CLANG_ENABLE_OBJC_ARC = YES;
				CLANG_ENABLE_OBJC_WEAK = YES;
				CLANG_WARN_BLOCK_CAPTURE_AUTORELEASING = YES;
				CLANG_WARN_BOOL_CONVERSION = YES;
				CLANG_WARN_COMMA = YES;
				CLANG_WARN_CONSTANT_CONVERSION = YES;
				CLANG_WARN_DEPRECATED_OBJC_IMPLEMENTATIONS = YES;
				CLANG_WARN_DIRECT_OBJC_ISA_USAGE = YES_ERROR;
				CLANG_WARN_DOCUMENTATION_COMMENTS = YES;
				CLANG_WARN_EMPTY_BODY = YES;
				CLANG_WARN_ENUM_CONVERSION = YES;
				CLANG_WARN_INFINITE_RECURSION = YES;
				CLANG_WARN_INT_CONVERSION = YES;
				CLANG_WARN_NON_LITERAL_NULL_CONVERSION = YES;
				CLANG_WARN_OBJC_IMPLICIT_RETAIN_SELF = YES;
				CLANG_WARN_OBJC_LITERAL_CONVERSION = YES;
				CLANG_WARN_OBJC_ROOT_CLASS = YES_ERROR;
				CLANG_WARN_QUOTED_INCLUDE_IN_FRAMEWORK_HEADER = YES;
				CLANG_WARN_RANGE_LOOP_ANALYSIS = YES;
				CLANG_WARN_STRICT_PROTOTYPES = YES;
				CLANG_WARN_SUSPICIOUS_MOVE = YES;
				CLANG_WARN_UNGUARDED_AVAILABILITY = YES_AGGRESSIVE;
				CLANG_WARN_UNREACHABLE_CODE = YES;
				CLANG_WARN__DUPLICATE_METHOD_MATCH = YES;
				COPY_PHASE_STRIP = NO;
				DEBUG_INFORMATION_FORMAT = dwarf;
				ENABLE_STRICT_OBJC_MSGSEND = YES;
				ENABLE_TESTABILITY = YES;
				ENABLE_USER_SCRIPT_SANDBOXING = YES;
				GCC_C_LANGUAGE_STANDARD = gnu17;
				GCC_DYNAMIC_NO_PIC = NO;
				GCC_NO_COMMON_BLOCKS = YES;
				GCC_OPTIMIZATION_LEVEL = 0;
				GCC_PREPROCESSOR_DEFINITIONS = (
					"DEBUG=1",
					"$(inherited)",
				);
				GCC_WARN_64_TO_32_BIT_CONVERSION = YES;
				GCC_WARN_ABOUT_RETURN_TYPE = YES_ERROR;
				GCC_WARN_UNDECLARED_SELECTOR = YES;
				GCC_WARN_UNINITIALIZED_AUTOS = YES_AGGRESSIVE;
				GCC_WARN_UNUSED_FUNCTION = YES;
				GCC_WARN_UNUSED_VARIABLE = YES;
				IPHONEOS_DEPLOYMENT_TARGET = 18.2;
				LOCALIZATION_PREFERS_STRING_CATALOGS = YES;
				MTL_ENABLE_DEBUG_INFO = INCLUDE_SOURCE;
				MTL_FAST_MATH = YES;
				ONLY_ACTIVE_ARCH = YES;
				SDKROOT = iphoneos;
				SWIFT_ACTIVE_COMPILATION_CONDITIONS = "DEBUG $(inherited)";
				SWIFT_OPTIMIZATION_LEVEL = "-Onone";
			};
			name = Debug;
		};
		F2ECC57B2D6561A400605BE5 /* Release */ = {
			isa = XCBuildConfiguration;
			buildSettings = {
				ALWAYS_SEARCH_USER_PATHS = NO;
				ASSETCATALOG_COMPILER_GENERATE_SWIFT_ASSET_SYMBOL_EXTENSIONS = YES;
				CLANG_ANALYZER_NONNULL = YES;
				CLANG_ANALYZER_NUMBER_OBJECT_CONVERSION = YES_AGGRESSIVE;
				CLANG_CXX_LANGUAGE_STANDARD = "gnu++20";
				CLANG_ENABLE_MODULES = YES;
				CLANG_ENABLE_OBJC_ARC = YES;
				CLANG_ENABLE_OBJC_WEAK = YES;
				CLANG_WARN_BLOCK_CAPTURE_AUTORELEASING = YES;
				CLANG_WARN_BOOL_CONVERSION = YES;
				CLANG_WARN_COMMA = YES;
				CLANG_WARN_CONSTANT_CONVERSION = YES;
				CLANG_WARN_DEPRECATED_OBJC_IMPLEMENTATIONS = YES;
				CLANG_WARN_DIRECT_OBJC_ISA_USAGE = YES_ERROR;
				CLANG_WARN_DOCUMENTATION_COMMENTS = YES;
				CLANG_WARN_EMPTY_BODY = YES;
				CLANG_WARN_ENUM_CONVERSION = YES;
				CLANG_WARN_INFINITE_RECURSION = YES;
				CLANG_WARN_INT_CONVERSION = YES;
				CLANG_WARN_NON_LITERAL_NULL_CONVERSION = YES;
				CLANG_WARN_OBJC_IMPLICIT_RETAIN_SELF = YES;
				CLANG_WARN_OBJC_LITERAL_CONVERSION = YES;
				CLANG_WARN_OBJC_ROOT_CLASS = YES_ERROR;
				CLANG_WARN_QUOTED_INCLUDE_IN_FRAMEWORK_HEADER = YES;
				CLANG_WARN_RANGE_LOOP_ANALYSIS = YES;
				CLANG_WARN_STRICT_PROTOTYPES = YES;
				CLANG_WARN_SUSPICIOUS_MOVE = YES;
				CLANG_WARN_UNGUARDED_AVAILABILITY = YES_AGGRESSIVE;
				CLANG_WARN_UNREACHABLE_CODE = YES;
				CLANG_WARN__DUPLICATE_METHOD_MATCH = YES;
				COPY_PHASE_STRIP = NO;
				DEBUG_INFORMATION_FORMAT = "dwarf-with-dsym";
				ENABLE_NS_ASSERTIONS = NO;
				ENABLE_STRICT_OBJC_MSGSEND = YES;
				ENABLE_USER_SCRIPT_SANDBOXING = YES;
				GCC_C_LANGUAGE_STANDARD = gnu17;
				GCC_NO_COMMON_BLOCKS = YES;
				GCC_WARN_64_TO_32_BIT_CONVERSION = YES;
				GCC_WARN_ABOUT_RETURN_TYPE = YES_ERROR;
				GCC_WARN_UNDECLARED_SELECTOR = YES;
				GCC_WARN_UNINITIALIZED_AUTOS = YES_AGGRESSIVE;
				GCC_WARN_UNUSED_FUNCTION = YES;
				GCC_WARN_UNUSED_VARIABLE = YES;
				IPHONEOS_DEPLOYMENT_TARGET = 18.2;
				LOCALIZATION_PREFERS_STRING_CATALOGS = YES;
				MTL_ENABLE_DEBUG_INFO = NO;
				MTL_FAST_MATH = YES;
				SDKROOT = iphoneos;
				SWIFT_COMPILATION_MODE = wholemodule;
				VALIDATE_PRODUCT = YES;
			};
			name = Release;
		};
		F2ECC57D2D6561A400605BE5 /* Debug */ = {
			isa = XCBuildConfiguration;
			buildSettings = {
				BUNDLE_LOADER = "$(TEST_HOST)";
				CODE_SIGN_STYLE = Automatic;
				CURRENT_PROJECT_VERSION = 1;
				GENERATE_INFOPLIST_FILE = YES;
				IPHONEOS_DEPLOYMENT_TARGET = 18.2;
				MARKETING_VERSION = 1.0;
				PRODUCT_BUNDLE_IDENTIFIER = com.kridsdale.HappyButtonTests;
				PRODUCT_NAME = "$(TARGET_NAME)";
				SWIFT_EMIT_LOC_STRINGS = NO;
				SWIFT_VERSION = 5.0;
				TARGETED_DEVICE_FAMILY = "1,2";
				TEST_HOST = "$(BUILT_PRODUCTS_DIR)/HappyButton.app/$(BUNDLE_EXECUTABLE_FOLDER_PATH)/HappyButton";
			};
			name = Debug;
		};
		F2ECC57E2D6561A400605BE5 /* Release */ = {
			isa = XCBuildConfiguration;
			buildSettings = {
				BUNDLE_LOADER = "$(TEST_HOST)";
				CODE_SIGN_STYLE = Automatic;
				CURRENT_PROJECT_VERSION = 1;
				GENERATE_INFOPLIST_FILE = YES;
				IPHONEOS_DEPLOYMENT_TARGET = 18.2;
				MARKETING_VERSION = 1.0;
				PRODUCT_BUNDLE_IDENTIFIER = com.kridsdale.HappyButtonTests;
				PRODUCT_NAME = "$(TARGET_NAME)";
				SWIFT_EMIT_LOC_STRINGS = NO;
				SWIFT_VERSION = 5.0;
				TARGETED_DEVICE_FAMILY = "1,2";
				TEST_HOST = "$(BUILT_PRODUCTS_DIR)/HappyButton.app/$(BUNDLE_EXECUTABLE_FOLDER_PATH)/HappyButton";
			};
			name = Release;
		};
		F2ECC5802D6561A400605BE5 /* Debug */ = {
			isa = XCBuildConfiguration;
			buildSettings = {
				CODE_SIGN_STYLE = Automatic;
				CURRENT_PROJECT_VERSION = 1;
				GENERATE_INFOPLIST_FILE = YES;
				MARKETING_VERSION = 1.0;
				PRODUCT_BUNDLE_IDENTIFIER = com.kridsdale.HappyButtonUITests;
				PRODUCT_NAME = "$(TARGET_NAME)";
				SWIFT_EMIT_LOC_STRINGS = NO;
				SWIFT_VERSION = 5.0;
				TARGETED_DEVICE_FAMILY = "1,2";
				TEST_TARGET_NAME = HappyButton;
			};
			name = Debug;
		};
		F2ECC5812D6561A400605BE5 /* Release */ = {
			isa = XCBuildConfiguration;
			buildSettings = {
				CODE_SIGN_STYLE = Automatic;
				CURRENT_PROJECT_VERSION = 1;
				GENERATE_INFOPLIST_FILE = YES;
				MARKETING_VERSION = 1.0;
				PRODUCT_BUNDLE_IDENTIFIER = com.kridsdale.HappyButtonUITests;
				PRODUCT_NAME = "$(TARGET_NAME)";
				SWIFT_EMIT_LOC_STRINGS = NO;
				SWIFT_VERSION = 5.0;
				TARGETED_DEVICE_FAMILY = "1,2";
				TEST_TARGET_NAME = HappyButton;
			};
			name = Release;
		};
/* End XCBuildConfiguration section */

/* Begin XCConfigurationList section */
		F2ECC54B2D6561A300605BE5 /* Build configuration list for PBXProject "HappyButton" */ = {
			isa = XCConfigurationList;
			buildConfigurations = (
				F2ECC57A2D6561A400605BE5 /* Debug */,
				F2ECC57B2D6561A400605BE5 /* Release */,
			);
			defaultConfigurationIsVisible = 0;
			defaultConfigurationName = Release;
		};
		F2ECC5772D6561A400605BE5 /* Build configuration list for PBXNativeTarget "HappyButton" */ = {
			isa = XCConfigurationList;
			buildConfigurations = (
				F2ECC5782D6561A400605BE5 /* Debug */,
				F2ECC5792D6561A400605BE5 /* Release */,
			);
			defaultConfigurationIsVisible = 0;
			defaultConfigurationName = Release;
		};
		F2ECC57C2D6561A400605BE5 /* Build configuration list for PBXNativeTarget "HappyButtonTests" */ = {
			isa = XCConfigurationList;
			buildConfigurations = (
				F2ECC57D2D6561A400605BE5 /* Debug */,
				F2ECC57E2D6561A400605BE5 /* Release */,
			);
			defaultConfigurationIsVisible = 0;
			defaultConfigurationName = Release;
		};
		F2ECC57F2D6561A400605BE5 /* Build configuration list for PBXNativeTarget "HappyButtonUITests" */ = {
			isa = XCConfigurationList;
			buildConfigurations = (
				F2ECC5802D6561A400605BE5 /* Debug */,
				F2ECC5812D6561A400605BE5 /* Release */,
			);
			defaultConfigurationIsVisible = 0;
			defaultConfigurationName = Release;
		};
/* End XCConfigurationList section */
	};
	rootObject = F2ECC5482D6561A300605BE5 /* Project object */;
}
